Microsoft Visual Studio Solution File, Format Version 12.00
# Visual Studio Version 17
VisualStudioVersion = 17.14.36804.6 d17.14
MinimumVisualStudioVersion = 10.0.40219.1
Project("{FAE04EC0-301F-11D3-BF4B-00C04F79EFBC}") = "CAPManager", "CAPManager\CAPManager.csproj", "{1A542501-66AF-423F-8CFD-240B9404E967}"
EndProject
Global
	GlobalSection(SolutionConfigurationPlatforms) = preSolution
		Debug|Any CPU = Debug|Any CPU
		Release|Any CPU = Release|Any CPU
	EndGlobalSection
	GlobalSection(ProjectConfigurationPlatforms) = postSolution
		{1A542501-66AF-423F-8CFD-240B9404E967}.Debug|Any CPU.ActiveCfg = Debug|Any CPU
		{1A542501-66AF-423F-8CFD-240B9404E967}.Debug|Any CPU.Build.0 = Debug|Any CPU
		{1A542501-66AF-423F-8CFD-240B9404E967}.Release|Any CPU.ActiveCfg = Release|Any CPU
		{1A542501-66AF-423F-8CFD-240B9404E967}.Release|Any CPU.Build.0 = Release|Any CPU
	EndGlobalSection
	GlobalSection(SolutionProperties) = preSolution
		HideSolutionNode = FALSE
	EndGlobalSection
	GlobalSection(ExtensibilityGlobals) = postSolution
		SolutionGuid = {9045EE9E-5138-4312-988F-EC0E8F05686D}
	EndGlobalSection
EndGlobal